// !$*UTF8*$!
{
	archiveVersion = 1;
	classes = {
	};
	objectVersion = 46;
	objects = {

/* Begin PBXBuildFile section */
		EE4C4E311DDD6E79003A4FE5 /* main.m in Sources */ = {isa = PBXBuildFile; fileRef = EE4C4E301DDD6E79003A4FE5 /* main.m */; };
		EE4C4E341DDD6E79003A4FE5 /* AppDelegate.m in Sources */ = {isa = PBXBuildFile; fileRef = EE4C4E331DDD6E79003A4FE5 /* AppDelegate.m */; };
		EE4C4E371DDD6E7A003A4FE5 /* ViewController.m in Sources */ = {isa = PBXBuildFile; fileRef = EE4C4E361DDD6E7A003A4FE5 /* ViewController.m */; };
		EE4C4E3A1DDD6E7A003A4FE5 /* Main.storyboard in Resources */ = {isa = PBXBuildFile; fileRef = EE4C4E381DDD6E7A003A4FE5 /* Main.storyboard */; };
		EE4C4E3C1DDD6E7A003A4FE5 /* Assets.xcassets in Resources */ = {isa = PBXBuildFile; fileRef = EE4C4E3B1DDD6E7A003A4FE5 /* Assets.xcassets */; };
		EE4C4E3F1DDD6E7A003A4FE5 /* LaunchScreen.storyboard in Resources */ = {isa = PBXBuildFile; fileRef = EE4C4E3D1DDD6E7A003A4FE5 /* LaunchScreen.storyboard */; };
		EE4C4E4A1DDD6E7B003A4FE5 /* Thread_Demo_NSoperationTests.m in Sources */ = {isa = PBXBuildFile; fileRef = EE4C4E491DDD6E7B003A4FE5 /* Thread_Demo_NSoperationTests.m */; };
		EE4C4E551DDD6E7B003A4FE5 /* Thread_Demo_NSoperationUITests.m in Sources */ = {isa = PBXBuildFile; fileRef = EE4C4E541DDD6E7B003A4FE5 /* Thread_Demo_NSoperationUITests.m */; };
/* End PBXBuildFile section */

/* Begin PBXContainerItemProxy section */
		EE4C4E461DDD6E7B003A4FE5 /* PBXContainerItemProxy */ = {
			isa = PBXContainerItemProxy;
			containerPortal = EE4C4E241DDD6E79003A4FE5 /* Project object */;
			proxyType = 1;
			remoteGlobalIDString = EE4C4E2B1DDD6E79003A4FE5;
			remoteInfo = "Thread Demo NSoperation";
		};
		EE4C4E511DDD6E7B003A4FE5 /* PBXContainerItemProxy */ = {
			isa = PBXContainerItemProxy;
			containerPortal = EE4C4E241DDD6E79003A4FE5 /* Project object */;
			proxyType = 1;
			remoteGlobalIDString = EE4C4E2B1DDD6E79003A4FE5;
			remoteInfo = "Thread Demo NSoperation";
		};
/* End PBXContainerItemProxy section */

/* Begin PBXFileReference section */
		EE4C4E2C1DDD6E79003A4FE5 /* Thread Demo NSoperation.app */ = {isa = PBXFileReference; explicitFileType = wrapper.application; includeInIndex = 0; path = "Thread Demo NSoperation.app"; sourceTree = BUILT_PRODUCTS_DIR; };
		EE4C4E301DDD6E79003A4FE5 /* main.m */ = {isa = PBXFileReference; lastKnownFileType = sourcecode.c.objc; path = main.m; sourceTree = "<group>"; };
		EE4C4E321DDD6E79003A4FE5 /* AppDelegate.h */ = {isa = PBXFileReference; lastKnownFileType = sourcecode.c.h; path = AppDelegate.h; sourceTree = "<group>"; };
		EE4C4E331DDD6E79003A4FE5 /* AppDelegate.m */ = {isa = PBXFileReference; lastKnownFileType = sourcecode.c.objc; path = AppDelegate.m; sourceTree = "<group>"; };
		EE4C4E351DDD6E7A003A4FE5 /* ViewController.h */ = {isa = PBXFileReference; lastKnownFileType = sourcecode.c.h; path = ViewController.h; sourceTree = "<group>"; };
		EE4C4E361DDD6E7A003A4FE5 /* ViewController.m */ = {isa = PBXFileReference; lastKnownFileType = sourcecode.c.objc; path = ViewController.m; sourceTree = "<group>"; };
		EE4C4E391DDD6E7A003A4FE5 /* Base */ = {isa = PBXFileReference; lastKnownFileType = file.storyboard; name = Base; path = Base.lproj/Main.storyboard; sourceTree = "<group>"; };
		EE4C4E3B1DDD6E7A003A4FE5 /* Assets.xcassets */ = {isa = PBXFileReference; lastKnownFileType = folder.assetcatalog; path = Assets.xcassets; sourceTree = "<group>"; };
		EE4C4E3E1DDD6E7A003A4FE5 /* Base */ = {isa = PBXFileReference; lastKnownFileType = file.storyboard; name = Base; path = Base.lproj/LaunchScreen.storyboard; sourceTree = "<group>"; };
		EE4C4E401DDD6E7A003A4FE5 /* Info.plist */ = {isa = PBXFileReference; lastKnownFileType = text.plist.xml; path = Info.plist; sourceTree = "<group>"; };
		EE4C4E451DDD6E7B003A4FE5 /* Thread Demo NSoperationTests.xctest */ = {isa = PBXFileReference; explicitFileType = wrapper.cfbundle; includeInIndex = 0; path = "Thread Demo NSoperationTests.xctest"; sourceTree = BUILT_PRODUCTS_DIR; };
		EE4C4E491DDD6E7B003A4FE5 /* Thread_Demo_NSoperationTests.m */ = {isa = PBXFileReference; lastKnownFileType = sourcecode.c.objc; path = Thread_Demo_NSoperationTests.m; sourceTree = "<group>"; };
		EE4C4E4B1DDD6E7B003A4FE5 /* Info.plist */ = {isa = PBXFileReference; lastKnownFileType = text.plist.xml; path = Info.plist; sourceTree = "<group>"; };
		EE4C4E501DDD6E7B003A4FE5 /* Thread Demo NSoperationUITests.xctest */ = {isa = PBXFileReference; explicitFileType = wrapper.cfbundle; includeInIndex = 0; path = "Thread Demo NSoperationUITests.xctest"; sourceTree = BUILT_PRODUCTS_DIR; };
		EE4C4E541DDD6E7B003A4FE5 /* Thread_Demo_NSoperationUITests.m */ = {isa = PBXFileReference; lastKnownFileType = sourcecode.c.objc; path = Thread_Demo_NSoperationUITests.m; sourceTree = "<group>"; };
		EE4C4E561DDD6E7B003A4FE5 /* Info.plist */ = {isa = PBXFileReference; lastKnownFileType = text.plist.xml; path = Info.plist; sourceTree = "<group>"; };
/* End PBXFileReference section */

/* Begin PBXFrameworksBuildPhase section */
		EE4C4E291DDD6E79003A4FE5 /* Frameworks */ = {
			isa = PBXFrameworksBuildPhase;
			buildActionMask = 2147483647;
			files = (
			);
			runOnlyForDeploymentPostprocessing = 0;
		};
		EE4C4E421DDD6E7B003A4FE5 /* Frameworks */ = {
			isa = PBXFrameworksBuildPhase;
			buildActionMask = 2147483647;
			files = (
			);
			runOnlyForDeploymentPostprocessing = 0;
		};
		EE4C4E4D1DDD6E7B003A4FE5 /* Frameworks */ = {
			isa = PBXFrameworksBuildPhase;
			buildActionMask = 2147483647;
			files = (
			);
			runOnlyForDeploymentPostprocessing = 0;
		};
/* End PBXFrameworksBuildPhase section */

/* Begin PBXGroup section */
		EE4C4E231DDD6E79003A4FE5 = {
			isa = PBXGroup;
			children = (
				EE4C4E2E1DDD6E79003A4FE5 /* Thread Demo NSoperation */,
				EE4C4E481DDD6E7B003A4FE5 /* Thread Demo NSoperationTests */,
				EE4C4E531DDD6E7B003A4FE5 /* Thread Demo NSoperationUITests */,
				EE4C4E2D1DDD6E79003A4FE5 /* Products */,
			);
			sourceTree = "<group>";
		};
		EE4C4E2D1DDD6E79003A4FE5 /* Products */ = {
			isa = PBXGroup;
			children = (
				EE4C4E2C1DDD6E79003A4FE5 /* Thread Demo NSoperation.app */,
				EE4C4E451DDD6E7B003A4FE5 /* Thread Demo NSoperationTests.xctest */,
				EE4C4E501DDD6E7B003A4FE5 /* Thread Demo NSoperationUITests.xctest */,
			);
			name = Products;
			sourceTree = "<group>";
		};
		EE4C4E2E1DDD6E79003A4FE5 /* Thread Demo NSoperation */ = {
			isa = PBXGroup;
			children = (
				EE4C4E321DDD6E79003A4FE5 /* AppDelegate.h */,
				EE4C4E331DDD6E79003A4FE5 /* AppDelegate.m */,
				EE4C4E351DDD6E7A003A4FE5 /* ViewController.h */,
				EE4C4E361DDD6E7A003A4FE5 /* ViewController.m */,
				EE4C4E381DDD6E7A003A4FE5 /* Main.storyboard */,
				EE4C4E3B1DDD6E7A003A4FE5 /* Assets.xcassets */,
				EE4C4E3D1DDD6E7A003A4FE5 /* LaunchScreen.storyboard */,
				EE4C4E401DDD6E7A003A4FE5 /* Info.plist */,
				EE4C4E2F1DDD6E79003A4FE5 /* Supporting Files */,
			);
			path = "Thread Demo NSoperation";
			sourceTree = "<group>";
		};
		EE4C4E2F1DDD6E79003A4FE5 /* Supporting Files */ = {
			isa = PBXGroup;
			children = (
				EE4C4E301DDD6E79003A4FE5 /* main.m */,
			);
			name = "Supporting Files";
			sourceTree = "<group>";
		};
		EE4C4E481DDD6E7B003A4FE5 /* Thread Demo NSoperationTests */ = {
			isa = PBXGroup;
			children = (
				EE4C4E491DDD6E7B003A4FE5 /* Thread_Demo_NSoperationTests.m */,
				EE4C4E4B1DDD6E7B003A4FE5 /* Info.plist */,
			);
			path = "Thread Demo NSoperationTests";
			sourceTree = "<group>";
		};
		EE4C4E531DDD6E7B003A4FE5 /* Thread Demo NSoperationUITests */ = {
			isa = PBXGroup;
			children = (
				EE4C4E541DDD6E7B003A4FE5 /* Thread_Demo_NSoperationUITests.m */,
				EE4C4E561DDD6E7B003A4FE5 /* Info.plist */,
			);
			path = "Thread Demo NSoperationUITests";
			sourceTree = "<group>";
		};
/* End PBXGroup section */

/* Begin PBXNativeTarget section */
		EE4C4E2B1DDD6E79003A4FE5 /* Thread Demo NSoperation */ = {
			isa = PBXNativeTarget;
			buildConfigurationList = EE4C4E591DDD6E7B003A4FE5 /* Build configuration list for PBXNativeTarget "Thread Demo NSoperation" */;
			buildPhases = (
				EE4C4E281DDD6E79003A4FE5 /* Sources */,
				EE4C4E291DDD6E79003A4FE5 /* Frameworks */,
				EE4C4E2A1DDD6E79003A4FE5 /* Resources */,
			);
			buildRules = (
			);
			dependencies = (
			);
			name = "Thread Demo NSoperation";
			productName = "Thread Demo NSoperation";
			productReference = EE4C4E2C1DDD6E79003A4FE5 /* Thread Demo NSoperation.app */;
			productType = "com.apple.product-type.application";
		};
		EE4C4E441DDD6E7B003A4FE5 /* Thread Demo NSoperationTests */ = {
			isa = PBXNativeTarget;
			buildConfigurationList = EE4C4E5C1DDD6E7B003A4FE5 /* Build configuration list for PBXNativeTarget "Thread Demo NSoperationTests" */;
			buildPhases = (
				EE4C4E411DDD6E7B003A4FE5 /* Sources */,
				EE4C4E421DDD6E7B003A4FE5 /* Frameworks */,
				EE4C4E431DDD6E7B003A4FE5 /* Resources */,
			);
			buildRules = (
			);
			dependencies = (
				EE4C4E471DDD6E7B003A4FE5 /* PBXTargetDependency */,
			);
			name = "Thread Demo NSoperationTests";
			productName = "Thread Demo NSoperationTests";
			productReference = EE4C4E451DDD6E7B003A4FE5 /* Thread Demo NSoperationTests.xctest */;
			productType = "com.apple.product-type.bundle.unit-test";
		};
		EE4C4E4F1DDD6E7B003A4FE5 /* Thread Demo NSoperationUITests */ = {
			isa = PBXNativeTarget;
			buildConfigurationList = EE4C4E5F1DDD6E7B003A4FE5 /* Build configuration list for PBXNativeTarget "Thread Demo NSoperationUITests" */;
			buildPhases = (
				EE4C4E4C1DDD6E7B003A4FE5 /* Sources */,
				EE4C4E4D1DDD6E7B003A4FE5 /* Frameworks */,
				EE4C4E4E1DDD6E7B003A4FE5 /* Resources */,
			);
			buildRules = (
			);
			dependencies = (
				EE4C4E521DDD6E7B003A4FE5 /* PBXTargetDependency */,
			);
			name = "Thread Demo NSoperationUITests";
			productName = "Thread Demo NSoperationUITests";
			productReference = EE4C4E501DDD6E7B003A4FE5 /* Thread Demo NSoperationUITests.xctest */;
			productType = "com.apple.product-type.bundle.ui-testing";
		};
/* End PBXNativeTarget section */

/* Begin PBXProject section */
		EE4C4E241DDD6E79003A4FE5 /* Project object */ = {
			isa = PBXProject;
			attributes = {
				LastUpgradeCheck = 0720;
				ORGANIZATIONNAME = "Felix-its";
				TargetAttributes = {
					EE4C4E2B1DDD6E79003A4FE5 = {
						CreatedOnToolsVersion = 7.2;
						DevelopmentTeam = W9YQCNX9JH;
					};
					EE4C4E441DDD6E7B003A4FE5 = {
						CreatedOnToolsVersion = 7.2;
						DevelopmentTeam = W9YQCNX9JH;
						TestTargetID = EE4C4E2B1DDD6E79003A4FE5;
					};
					EE4C4E4F1DDD6E7B003A4FE5 = {
						CreatedOnToolsVersion = 7.2;
						DevelopmentTeam = W9YQCNX9JH;
						TestTargetID = EE4C4E2B1DDD6E79003A4FE5;
					};
				};
			};
			buildConfigurationList = EE4C4E271DDD6E79003A4FE5 /* Build configuration list for PBXProject "Thread Demo NSoperation" */;
			compatibilityVersion = "Xcode 3.2";
			developmentRegion = English;
			hasScannedForEncodings = 0;
			knownRegions = (
				en,
				Base,
			);
			mainGroup = EE4C4E231DDD6E79003A4FE5;
			productRefGroup = EE4C4E2D1DDD6E79003A4FE5 /* Products */;
			projectDirPath = "";
			projectRoot = "";
			targets = (
				EE4C4E2B1DDD6E79003A4FE5 /* Thread Demo NSoperation */,
				EE4C4E441DDD6E7B003A4FE5 /* Thread Demo NSoperationTests */,
				EE4C4E4F1DDD6E7B003A4FE5 /* Thread Demo NSoperationUITests */,
			);
		};
/* End PBXProject section */

/* Begin PBXResourcesBuildPhase section */
		EE4C4E2A1DDD6E79003A4FE5 /* Resources */ = {
			isa = PBXResourcesBuildPhase;
			buildActionMask = 2147483647;
			files = (
				EE4C4E3F1DDD6E7A003A4FE5 /* LaunchScreen.storyboard in Resources */,
				EE4C4E3C1DDD6E7A003A4FE5 /* Assets.xcassets in Resources */,
				EE4C4E3A1DDD6E7A003A4FE5 /* Main.storyboard in Resources */,
			);
			runOnlyForDeploymentPostprocessing = 0;
		};
		EE4C4E431DDD6E7B003A4FE5 /* Resources */ = {
			isa = PBXResourcesBuildPhase;
			buildActionMask = 2147483647;
			files = (
			);
			runOnlyForDeploymentPostprocessing = 0;
		};
		EE4C4E4E1DDD6E7B003A4FE5 /* Resources */ = {
			isa = PBXResourcesBuildPhase;
			buildActionMask = 2147483647;
			files = (
			);
			runOnlyForDeploymentPostprocessing = 0;
		};
/* End PBXResourcesBuildPhase section */

/* Begin PBXSourcesBuildPhase section */
		EE4C4E281DDD6E79003A4FE5 /* Sources */ = {
			isa = PBXSourcesBuildPhase;
			buildActionMask = 2147483647;
			files = (
				EE4C4E371DDD6E7A003A4FE5 /* ViewController.m in Sources */,
				EE4C4E341DDD6E79003A4FE5 /* AppDelegate.m in Sources */,
				EE4C4E311DDD6E79003A4FE5 /* main.m in Sources */,
			);
			runOnlyForDeploymentPostprocessing = 0;
		};
		EE4C4E411DDD6E7B003A4FE5 /* Sources */ = {
			isa = PBXSourcesBuildPhase;
			buildActionMask = 2147483647;
			files = (
				EE4C4E4A1DDD6E7B003A4FE5 /* Thread_Demo_NSoperationTests.m in Sources */,
			);
			runOnlyForDeploymentPostprocessing = 0;
		};
		EE4C4E4C1DDD6E7B003A4FE5 /* Sources */ = {
			isa = PBXSourcesBuildPhase;
			buildActionMask = 2147483647;
			files = (
				EE4C4E551DDD6E7B003A4FE5 /* Thread_Demo_NSoperationUITests.m in Sources */,
			);
			runOnlyForDeploymentPostprocessing = 0;
		};
/* End PBXSourcesBuildPhase section */

/* Begin PBXTargetDependency section */
		EE4C4E471DDD6E7B003A4FE5 /* PBXTargetDependency */ = {
			isa = PBXTargetDependency;
			target = EE4C4E2B1DDD6E79003A4FE5 /* Thread Demo NSoperation */;
			targetProxy = EE4C4E461DDD6E7B003A4FE5 /* PBXContainerItemProxy */;
		};
		EE4C4E521DDD6E7B003A4FE5 /* PBXTargetDependency */ = {
			isa = PBXTargetDependency;
			target = EE4C4E2B1DDD6E79003A4FE5 /* Thread Demo NSoperation */;
			targetProxy = EE4C4E511DDD6E7B003A4FE5 /* PBXContainerItemProxy */;
		};
/* End PBXTargetDependency section */

/* Begin PBXVariantGroup section */
		EE4C4E381DDD6E7A003A4FE5 /* Main.storyboard */ = {
			isa = PBXVariantGroup;
			children = (
				EE4C4E391DDD6E7A003A4FE5 /* Base */,
			);
			name = Main.storyboard;
			sourceTree = "<group>";
		};
		EE4C4E3D1DDD6E7A003A4FE5 /* LaunchScreen.storyboard */ = {
			isa = PBXVariantGroup;
			children = (
				EE4C4E3E1DDD6E7A003A4FE5 /* Base */,
			);
			name = LaunchScreen.storyboard;
			sourceTree = "<group>";
		};
/* End PBXVariantGroup section */

/* Begin XCBuildConfiguration section */
		EE4C4E571DDD6E7B003A4FE5 /* Debug */ = {
			isa = XCBuildConfiguration;
			buildSettings = {
				ALWAYS_SEARCH_USER_PATHS = NO;
				CLANG_CXX_LANGUAGE_STANDARD = "gnu++0x";
				CLANG_CXX_LIBRARY = "libc++";
				CLANG_ENABLE_MODULES = YES;
				CLANG_ENABLE_OBJC_ARC = YES;
				CLANG_WARN_BOOL_CONVERSION = YES;
				CLANG_WARN_CONSTANT_CONVERSION = YES;
				CLANG_WARN_DIRECT_OBJC_ISA_USAGE = YES_ERROR;
				CLANG_WARN_EMPTY_BODY = YES;
				CLANG_WARN_ENUM_CONVERSION = YES;
				CLANG_WARN_INT_CONVERSION = YES;
				CLANG_WARN_OBJC_ROOT_CLASS = YES_ERROR;
				CLANG_WARN_UNREACHABLE_CODE = YES;
				CLANG_WARN__DUPLICATE_METHOD_MATCH = YES;
				"CODE_SIGN_IDENTITY[sdk=iphoneos*]" = "iPhone Developer";
				COPY_PHASE_STRIP = NO;
				DEBUG_INFORMATION_FORMAT = dwarf;
				ENABLE_STRICT_OBJC_MSGSEND = YES;
				ENABLE_TESTABILITY = YES;
				GCC_C_LANGUAGE_STANDARD = gnu99;
				GCC_DYNAMIC_NO_PIC = NO;
				GCC_NO_COMMON_BLOCKS = YES;
				GCC_OPTIMIZATION_LEVEL = 0;
				GCC_PREPROCESSOR_DEFINITIONS = (
					"DEBUG=1",
					"$(inherited)",
				);
				GCC_WARN_64_TO_32_BIT_CONVERSION = YES;
				GCC_WARN_ABOUT_RETURN_TYPE = YES_ERROR;
				GCC_WARN_UNDECLARED_SELECTOR = YES;
				GCC_WARN_UNINITIALIZED_AUTOS = YES_AGGRESSIVE;
				GCC_WARN_UNUSED_FUNCTION = YES;
				GCC_WARN_UNUSED_VARIABLE = YES;
				IPHONEOS_DEPLOYMENT_TARGET = 9.2;
				MTL_ENABLE_DEBUG_INFO = YES;
				ONLY_ACTIVE_ARCH = YES;
				SDKROOT = iphoneos;
				TARGETED_DEVICE_FAMILY = "1,2";
			};
			name = Debug;
		};
		EE4C4E581DDD6E7B003A4FE5 /* Release */ = {
			isa = XCBuildConfiguration;
			buildSettings = {
				ALWAYS_SEARCH_USER_PATHS = NO;
				CLANG_CXX_LANGUAGE_STANDARD = "gnu++0x";
				CLANG_CXX_LIBRARY = "libc++";
				CLANG_ENABLE_MODULES = YES;
				CLANG_ENABLE_OBJC_ARC = YES;
				CLANG_WARN_BOOL_CONVERSION = YES;
				CLANG_WARN_CONSTANT_CONVERSION = YES;
				CLANG_WARN_DIRECT_OBJC_ISA_USAGE = YES_ERROR;
				CLANG_WARN_EMPTY_BODY = YES;
				CLANG_WARN_ENUM_CONVERSION = YES;
				CLANG_WARN_INT_CONVERSION = YES;
				CLANG_WARN_OBJC_ROOT_CLASS = YES_ERROR;
				CLANG_WARN_UNREACHABLE_CODE = YES;
				CLANG_WARN__DUPLICATE_METHOD_MATCH = YES;
				"CODE_SIGN_IDENTITY[sdk=iphoneos*]" = "iPhone Developer";
				COPY_PHASE_STRIP = NO;
				DEBUG_INFORMATION_FORMAT = "dwarf-with-dsym";
				ENABLE_NS_ASSERTIONS = NO;
				ENABLE_STRICT_OBJC_MSGSEND = YES;
				GCC_C_LANGUAGE_STANDARD = gnu99;
				GCC_NO_COMMON_BLOCKS = YES;
				GCC_WARN_64_TO_32_BIT_CONVERSION = YES;
				GCC_WARN_ABOUT_RETURN_TYPE = YES_ERROR;
				GCC_WARN_UNDECLARED_SELECTOR = YES;
				GCC_WARN_UNINITIALIZED_AUTOS = YES_AGGRESSIVE;
				GCC_WARN_UNUSED_FUNCTION = YES;
				GCC_WARN_UNUSED_VARIABLE = YES;
				IPHONEOS_DEPLOYMENT_TARGET = 9.2;
				MTL_ENABLE_DEBUG_INFO = NO;
				SDKROOT = iphoneos;
				TARGETED_DEVICE_FAMILY = "1,2";
				VALIDATE_PRODUCT = YES;
			};
			name = Release;
		};
		EE4C4E5A1DDD6E7B003A4FE5 /* Debug */ = {
			isa = XCBuildConfiguration;
			buildSettings = {
				ASSETCATALOG_COMPILER_APPICON_NAME = AppIcon;
				INFOPLIST_FILE = "Thread Demo NSoperation/Info.plist";
				LD_RUNPATH_SEARCH_PATHS = "$(inherited) @executable_path/Frameworks";
				PRODUCT_BUNDLE_IDENTIFIER = "Kalpesh.Thread-Demo-NSoperation";
				PRODUCT_NAME = "$(TARGET_NAME)";
			};
			name = Debug;
		};
		EE4C4E5B1DDD6E7B003A4FE5 /* Release */ = {
			isa = XCBuildConfiguration;
			buildSettings = {
				ASSETCATALOG_COMPILER_APPICON_NAME = AppIcon;
				INFOPLIST_FILE = "Thread Demo NSoperation/Info.plist";
				LD_RUNPATH_SEARCH_PATHS = "$(inherited) @executable_path/Frameworks";
				PRODUCT_BUNDLE_IDENTIFIER = "Kalpesh.Thread-Demo-NSoperation";
				PRODUCT_NAME = "$(TARGET_NAME)";
			};
			name = Release;
		};
		EE4C4E5D1DDD6E7B003A4FE5 /* Debug */ = {
			isa = XCBuildConfiguration;
			buildSettings = {
				BUNDLE_LOADER = "$(TEST_HOST)";
				INFOPLIST_FILE = "Thread Demo NSoperationTests/Info.plist";
				LD_RUNPATH_SEARCH_PATHS = "$(inherited) @executable_path/Frameworks @loader_path/Frameworks";
				PRODUCT_BUNDLE_IDENTIFIER = "Kalpesh.Thread-Demo-NSoperationTests";
				PRODUCT_NAME = "$(TARGET_NAME)";
				TEST_HOST = "$(BUILT_PRODUCTS_DIR)/Thread Demo NSoperation.app/Thread Demo NSoperation";
			};
			name = Debug;
		};
		EE4C4E5E1DDD6E7B003A4FE5 /* Release */ = {
			isa = XCBuildConfiguration;
			buildSettings = {
				BUNDLE_LOADER = "$(TEST_HOST)";
				INFOPLIST_FILE = "Thread Demo NSoperationTests/Info.plist";
				LD_RUNPATH_SEARCH_PATHS = "$(inherited) @executable_path/Frameworks @loader_path/Frameworks";
				PRODUCT_BUNDLE_IDENTIFIER = "Kalpesh.Thread-Demo-NSoperationTests";
				PRODUCT_NAME = "$(TARGET_NAME)";
				TEST_HOST = "$(BUILT_PRODUCTS_DIR)/Thread Demo NSoperation.app/Thread Demo NSoperation";
			};
			name = Release;
		};
		EE4C4E601DDD6E7B003A4FE5 /* Debug */ = {
			isa = XCBuildConfiguration;
			buildSettings = {
				INFOPLIST_FILE = "Thread Demo NSoperationUITests/Info.plist";
				LD_RUNPATH_SEARCH_PATHS = "$(inherited) @executable_path/Frameworks @loader_path/Frameworks";
				PRODUCT_BUNDLE_IDENTIFIER = "Kalpesh.Thread-Demo-NSoperationUITests";
				PRODUCT_NAME = "$(TARGET_NAME)";
				TEST_TARGET_NAME = "Thread Demo NSoperation";
				USES_XCTRUNNER = YES;
			};
			name = Debug;
		};
		EE4C4E611DDD6E7B003A4FE5 /* Release */ = {
			isa = XCBuildConfiguration;
			buildSettings = {
				INFOPLIST_FILE = "Thread Demo NSoperationUITests/Info.plist";
				LD_RUNPATH_SEARCH_PATHS = "$(inherited) @executable_path/Frameworks @loader_path/Frameworks";
				PRODUCT_BUNDLE_IDENTIFIER = "Kalpesh.Thread-Demo-NSoperationUITests";
				PRODUCT_NAME = "$(TARGET_NAME)";
				TEST_TARGET_NAME = "Thread Demo NSoperation";
				USES_XCTRUNNER = YES;
			};
			name = Release;
		};
/* End XCBuildConfiguration section */

/* Begin XCConfigurationList section */
		EE4C4E271DDD6E79003A4FE5 /* Build configuration list for PBXProject "Thread Demo NSoperation" */ = {
			isa = XCConfigurationList;
			buildConfigurations = (
				EE4C4E571DDD6E7B003A4FE5 /* Debug */,
				EE4C4E581DDD6E7B003A4FE5 /* Release */,
			);
			defaultConfigurationIsVisible = 0;
			defaultConfigurationName = Release;
		};
		EE4C4E591DDD6E7B003A4FE5 /* Build configuration list for PBXNativeTarget "Thread Demo NSoperation" */ = {
			isa = XCConfigurationList;
			buildConfigurations = (
				EE4C4E5A1DDD6E7B003A4FE5 /* Debug */,
				EE4C4E5B1DDD6E7B003A4FE5 /* Release */,
			);
			defaultConfigurationIsVisible = 0;
		};
		EE4C4E5C1DDD6E7B003A4FE5 /* Build configuration list for PBXNativeTarget "Thread Demo NSoperationTests" */ = {
			isa = XCConfigurationList;
			buildConfigurations = (
				EE4C4E5D1DDD6E7B003A4FE5 /* Debug */,
				EE4C4E5E1DDD6E7B003A4FE5 /* Release */,
			);
			defaultConfigurationIsVisible = 0;
		};
		EE4C4E5F1DDD6E7B003A4FE5 /* Build configuration list for PBXNativeTarget "Thread Demo NSoperationUITests" */ = {
			isa = XCConfigurationList;
			buildConfigurations = (
				EE4C4E601DDD6E7B003A4FE5 /* Debug */,
				EE4C4E611DDD6E7B003A4FE5 /* Release */,
			);
			defaultConfigurationIsVisible = 0;
		};
/* End XCConfigurationList section */
	};
	rootObject = EE4C4E241DDD6E79003A4FE5 /* Project object */;
}
